
Microsoft Visual Studio Solution File, Format Version 12.00
# Visual Studio 15
VisualStudioVersion = 15.0.26730.12
MinimumVisualStudioVersion = 10.0.40219.1
Project("{FAE04EC0-301F-11D3-BF4B-00C04F79EFBC}") = "StatisticService", "StatisticService\StatisticService.csproj", "{3DC59EA4-5192-4555-A1D8-E7EBC438ED62}"
EndProject
Project("{9A19103F-16F7-4668-BE54-9A1E7A4F7556}") = "RabbitModels", "..\RabbitModels\RabbitModels.csproj", "{EFC684C1-A601-496A-898E-BA4C93F84F05}"
EndProject
Global
	GlobalSection(SolutionConfigurationPlatforms) = preSolution
		Debug|Any CPU = Debug|Any CPU
		Release|Any CPU = Release|Any CPU
	EndGlobalSection
	GlobalSection(ProjectConfigurationPlatforms) = postSolution
		{3DC59EA4-5192-4555-A1D8-E7EBC438ED62}.Debug|Any CPU.ActiveCfg = Debug|Any CPU
		{3DC59EA4-5192-4555-A1D8-E7EBC438ED62}.Debug|Any CPU.Build.0 = Debug|Any CPU
		{3DC59EA4-5192-4555-A1D8-E7EBC438ED62}.Release|Any CPU.ActiveCfg = Release|Any CPU
		{3DC59EA4-5192-4555-A1D8-E7EBC438ED62}.Release|Any CPU.Build.0 = Release|Any CPU
		{EFC684C1-A601-496A-898E-BA4C93F84F05}.Debug|Any CPU.ActiveCfg = Debug|Any CPU
		{EFC684C1-A601-496A-898E-BA4C93F84F05}.Debug|Any CPU.Build.0 = Debug|Any CPU
		{EFC684C1-A601-496A-898E-BA4C93F84F05}.Release|Any CPU.ActiveCfg = Release|Any CPU
		{EFC684C1-A601-496A-898E-BA4C93F84F05}.Release|Any CPU.Build.0 = Release|Any CPU
	EndGlobalSection
	GlobalSection(SolutionProperties) = preSolution
		HideSolutionNode = FALSE
	EndGlobalSection
	GlobalSection(ExtensibilityGlobals) = postSolution
		SolutionGuid = {51533219-6463-480E-A472-B2665E161DA5}
	EndGlobalSection
EndGlobal
